// !$*UTF8*$!
{
	archiveVersion = 1;
	classes = {
	};
	objectVersion = 55;
	objects = {

/* Begin PBXBuildFile section */
		C9E28833282F6C420063D897 /* the_real_911_appApp.swift in Sources */ = {isa = PBXBuildFile; fileRef = C9E28832282F6C420063D897 /* the_real_911_appApp.swift */; };
		C9E28835282F6C420063D897 /* ContentView.swift in Sources */ = {isa = PBXBuildFile; fileRef = C9E28834282F6C420063D897 /* ContentView.swift */; };
		C9E28837282F6C430063D897 /* Assets.xcassets in Resources */ = {isa = PBXBuildFile; fileRef = C9E28836282F6C430063D897 /* Assets.xcassets */; };
		C9E2883A282F6C430063D897 /* Preview Assets.xcassets in Resources */ = {isa = PBXBuildFile; fileRef = C9E28839282F6C430063D897 /* Preview Assets.xcassets */; };
		C9E288462830297F0063D897 /* GoogleService-Info.plist in Resources */ = {isa = PBXBuildFile; fileRef = C9E288452830297F0063D897 /* GoogleService-Info.plist */; };
		C9E28849283029FE0063D897 /* FirebaseAuth in Frameworks */ = {isa = PBXBuildFile; productRef = C9E28848283029FE0063D897 /* FirebaseAuth */; };
		C9E2884B283029FE0063D897 /* FirebaseDatabase in Frameworks */ = {isa = PBXBuildFile; productRef = C9E2884A283029FE0063D897 /* FirebaseDatabase */; };
		C9E2884D283029FE0063D897 /* FirebaseFirestore in Frameworks */ = {isa = PBXBuildFile; productRef = C9E2884C283029FE0063D897 /* FirebaseFirestore */; };
		C9E2884F283029FE0063D897 /* FirebaseFirestoreSwift in Frameworks */ = {isa = PBXBuildFile; productRef = C9E2884E283029FE0063D897 /* FirebaseFirestoreSwift */; };
		C9E28851283060B20063D897 /* videoview.swift in Sources */ = {isa = PBXBuildFile; fileRef = C9E28850283060B20063D897 /* videoview.swift */; };
		C9E28853283068500063D897 /* File.swift in Sources */ = {isa = PBXBuildFile; fileRef = C9E28852283068500063D897 /* File.swift */; };
/* End PBXBuildFile section */

/* Begin PBXFileReference section */
		C9E2882F282F6C420063D897 /* the real 911 app.app */ = {isa = PBXFileReference; explicitFileType = wrapper.application; includeInIndex = 0; path = "the real 911 app.app"; sourceTree = BUILT_PRODUCTS_DIR; };
		C9E28832282F6C420063D897 /* the_real_911_appApp.swift */ = {isa = PBXFileReference; lastKnownFileType = sourcecode.swift; path = the_real_911_appApp.swift; sourceTree = "<group>"; };
		C9E28834282F6C420063D897 /* ContentView.swift */ = {isa = PBXFileReference; lastKnownFileType = sourcecode.swift; path = ContentView.swift; sourceTree = "<group>"; };
		C9E28836282F6C430063D897 /* Assets.xcassets */ = {isa = PBXFileReference; lastKnownFileType = folder.assetcatalog; path = Assets.xcassets; sourceTree = "<group>"; };
		C9E28839282F6C430063D897 /* Preview Assets.xcassets */ = {isa = PBXFileReference; lastKnownFileType = folder.assetcatalog; path = "Preview Assets.xcassets"; sourceTree = "<group>"; };
		C9E28840282F8F650063D897 /* the-real-911-app-Info.plist */ = {isa = PBXFileReference; lastKnownFileType = text.plist; path = "the-real-911-app-Info.plist"; sourceTree = SOURCE_ROOT; };
		C9E288452830297F0063D897 /* GoogleService-Info.plist */ = {isa = PBXFileReference; fileEncoding = 4; lastKnownFileType = text.plist.xml; path = "GoogleService-Info.plist"; sourceTree = "<group>"; };
		C9E28850283060B20063D897 /* videoview.swift */ = {isa = PBXFileReference; lastKnownFileType = sourcecode.swift; path = videoview.swift; sourceTree = "<group>"; };
		C9E28852283068500063D897 /* File.swift */ = {isa = PBXFileReference; lastKnownFileType = sourcecode.swift; path = File.swift; sourceTree = "<group>"; };
/* End PBXFileReference section */

/* Begin PBXFrameworksBuildPhase section */
		C9E2882C282F6C420063D897 /* Frameworks */ = {
			isa = PBXFrameworksBuildPhase;
			buildActionMask = 2147483647;
			files = (
				C9E2884B283029FE0063D897 /* FirebaseDatabase in Frameworks */,
				C9E28849283029FE0063D897 /* FirebaseAuth in Frameworks */,
				C9E2884D283029FE0063D897 /* FirebaseFirestore in Frameworks */,
				C9E2884F283029FE0063D897 /* FirebaseFirestoreSwift in Frameworks */,
			);
			runOnlyForDeploymentPostprocessing = 0;
		};
/* End PBXFrameworksBuildPhase section */

/* Begin PBXGroup section */
		C9E28826282F6C420063D897 = {
			isa = PBXGroup;
			children = (
				C9E28831282F6C420063D897 /* the real 911 app */,
				C9E28830282F6C420063D897 /* Products */,
			);
			sourceTree = "<group>";
		};
		C9E28830282F6C420063D897 /* Products */ = {
			isa = PBXGroup;
			children = (
				C9E2882F282F6C420063D897 /* the real 911 app.app */,
			);
			name = Products;
			sourceTree = "<group>";
		};
		C9E28831282F6C420063D897 /* the real 911 app */ = {
			isa = PBXGroup;
			children = (
				C9E28840282F8F650063D897 /* the-real-911-app-Info.plist */,
				C9E28832282F6C420063D897 /* the_real_911_appApp.swift */,
				C9E28850283060B20063D897 /* videoview.swift */,
				C9E28834282F6C420063D897 /* ContentView.swift */,
				C9E288452830297F0063D897 /* GoogleService-Info.plist */,
				C9E28836282F6C430063D897 /* Assets.xcassets */,
				C9E28838282F6C430063D897 /* Preview Content */,
			);
			path = "the real 911 app";
			sourceTree = "<group>";
		};
		C9E28838282F6C430063D897 /* Preview Content */ = {
			isa = PBXGroup;
			children = (
				C9E28839282F6C430063D897 /* Preview Assets.xcassets */,
				C9E28852283068500063D897 /* File.swift */,
			);
			path = "Preview Content";
			sourceTree = "<group>";
		};
/* End PBXGroup section */

/* Begin PBXNativeTarget section */
		C9E2882E282F6C420063D897 /* the real 911 app */ = {
			isa = PBXNativeTarget;
			buildConfigurationList = C9E2883D282F6C430063D897 /* Build configuration list for PBXNativeTarget "the real 911 app" */;
			buildPhases = (
				C9E2882B282F6C420063D897 /* Sources */,
				C9E2882C282F6C420063D897 /* Frameworks */,
				C9E2882D282F6C420063D897 /* Resources */,
			);
			buildRules = (
			);
			dependencies = (
			);
			name = "the real 911 app";
			packageProductDependencies = (
				C9E28848283029FE0063D897 /* FirebaseAuth */,
				C9E2884A283029FE0063D897 /* FirebaseDatabase */,
				C9E2884C283029FE0063D897 /* FirebaseFirestore */,
				C9E2884E283029FE0063D897 /* FirebaseFirestoreSwift */,
			);
			productName = "the real 911 app";
			productReference = C9E2882F282F6C420063D897 /* the real 911 app.app */;
			productType = "com.apple.product-type.application";
		};
/* End PBXNativeTarget section */

/* Begin PBXProject section */
		C9E28827282F6C420063D897 /* Project object */ = {
			isa = PBXProject;
			attributes = {
				BuildIndependentTargetsInParallel = 1;
				LastSwiftUpdateCheck = 1330;
				LastUpgradeCheck = 1330;
				TargetAttributes = {
					C9E2882E282F6C420063D897 = {
						CreatedOnToolsVersion = 13.3.1;
					};
				};
			};
			buildConfigurationList = C9E2882A282F6C420063D897 /* Build configuration list for PBXProject "the real 911 app" */;
			compatibilityVersion = "Xcode 13.0";
			developmentRegion = en;
			hasScannedForEncodings = 0;
			knownRegions = (
				en,
				Base,
			);
			mainGroup = C9E28826282F6C420063D897;
			packageReferences = (
				C9E28847283029FE0063D897 /* XCRemoteSwiftPackageReference "firebase-ios-sdk" */,
			);
			productRefGroup = C9E28830282F6C420063D897 /* Products */;
			projectDirPath = "";
			projectRoot = "";
			targets = (
				C9E2882E282F6C420063D897 /* the real 911 app */,
			);
		};
/* End PBXProject section */

/* Begin PBXResourcesBuildPhase section */
		C9E2882D282F6C420063D897 /* Resources */ = {
			isa = PBXResourcesBuildPhase;
			buildActionMask = 2147483647;
			files = (
				C9E2883A282F6C430063D897 /* Preview Assets.xcassets in Resources */,
				C9E28837282F6C430063D897 /* Assets.xcassets in Resources */,
				C9E288462830297F0063D897 /* GoogleService-Info.plist in Resources */,
			);
			runOnlyForDeploymentPostprocessing = 0;
		};
/* End PBXResourcesBuildPhase section */

/* Begin PBXSourcesBuildPhase section */
		C9E2882B282F6C420063D897 /* Sources */ = {
			isa = PBXSourcesBuildPhase;
			buildActionMask = 2147483647;
			files = (
				C9E28835282F6C420063D897 /* ContentView.swift in Sources */,
				C9E28853283068500063D897 /* File.swift in Sources */,
				C9E28851283060B20063D897 /* videoview.swift in Sources */,
				C9E28833282F6C420063D897 /* the_real_911_appApp.swift in Sources */,
			);
			runOnlyForDeploymentPostprocessing = 0;
		};
/* End PBXSourcesBuildPhase section */

/* Begin XCBuildConfiguration section */
		C9E2883B282F6C430063D897 /* Debug */ = {
			isa = XCBuildConfiguration;
			buildSettings = {
				ALWAYS_SEARCH_USER_PATHS = NO;
				CLANG_ANALYZER_NONNULL = YES;
				CLANG_ANALYZER_NUMBER_OBJECT_CONVERSION = YES_AGGRESSIVE;
				CLANG_CXX_LANGUAGE_STANDARD = "gnu++17";
				CLANG_ENABLE_MODULES = YES;
				CLANG_ENABLE_OBJC_ARC = YES;
				CLANG_ENABLE_OBJC_WEAK = YES;
				CLANG_WARN_BLOCK_CAPTURE_AUTORELEASING = YES;
				CLANG_WARN_BOOL_CONVERSION = YES;
				CLANG_WARN_COMMA = YES;
				CLANG_WARN_CONSTANT_CONVERSION = YES;
				CLANG_WARN_DEPRECATED_OBJC_IMPLEMENTATIONS = YES;
				CLANG_WARN_DIRECT_OBJC_ISA_USAGE = YES_ERROR;
				CLANG_WARN_DOCUMENTATION_COMMENTS = YES;
				CLANG_WARN_EMPTY_BODY = YES;
				CLANG_WARN_ENUM_CONVERSION = YES;
				CLANG_WARN_INFINITE_RECURSION = YES;
				CLANG_WARN_INT_CONVERSION = YES;
				CLANG_WARN_NON_LITERAL_NULL_CONVERSION = YES;
				CLANG_WARN_OBJC_IMPLICIT_RETAIN_SELF = YES;
				CLANG_WARN_OBJC_LITERAL_CONVERSION = YES;
				CLANG_WARN_OBJC_ROOT_CLASS = YES_ERROR;
				CLANG_WARN_QUOTED_INCLUDE_IN_FRAMEWORK_HEADER = YES;
				CLANG_WARN_RANGE_LOOP_ANALYSIS = YES;
				CLANG_WARN_STRICT_PROTOTYPES = YES;
				CLANG_WARN_SUSPICIOUS_MOVE = YES;
				CLANG_WARN_UNGUARDED_AVAILABILITY = YES_AGGRESSIVE;
				CLANG_WARN_UNREACHABLE_CODE = YES;
				CLANG_WARN__DUPLICATE_METHOD_MATCH = YES;
				COPY_PHASE_STRIP = NO;
				DEBUG_INFORMATION_FORMAT = dwarf;
				ENABLE_STRICT_OBJC_MSGSEND = YES;
				ENABLE_TESTABILITY = YES;
				GCC_C_LANGUAGE_STANDARD = gnu11;
				GCC_DYNAMIC_NO_PIC = NO;
				GCC_NO_COMMON_BLOCKS = YES;
				GCC_OPTIMIZATION_LEVEL = 0;
				GCC_PREPROCESSOR_DEFINITIONS = (
					"DEBUG=1",
					"$(inherited)",
				);
				GCC_WARN_64_TO_32_BIT_CONVERSION = YES;
				GCC_WARN_ABOUT_RETURN_TYPE = YES_ERROR;
				GCC_WARN_UNDECLARED_SELECTOR = YES;
				GCC_WARN_UNINITIALIZED_AUTOS = YES_AGGRESSIVE;
				GCC_WARN_UNUSED_FUNCTION = YES;
				GCC_WARN_UNUSED_VARIABLE = YES;
				IPHONEOS_DEPLOYMENT_TARGET = 15.4;
				MTL_ENABLE_DEBUG_INFO = INCLUDE_SOURCE;
				MTL_FAST_MATH = YES;
				ONLY_ACTIVE_ARCH = YES;
				SDKROOT = iphoneos;
				SWIFT_ACTIVE_COMPILATION_CONDITIONS = DEBUG;
				SWIFT_OPTIMIZATION_LEVEL = "-Onone";
			};
			name = Debug;
		};
		C9E2883C282F6C430063D897 /* Release */ = {
			isa = XCBuildConfiguration;
			buildSettings = {
				ALWAYS_SEARCH_USER_PATHS = NO;
				CLANG_ANALYZER_NONNULL = YES;
				CLANG_ANALYZER_NUMBER_OBJECT_CONVERSION = YES_AGGRESSIVE;
				CLANG_CXX_LANGUAGE_STANDARD = "gnu++17";
				CLANG_ENABLE_MODULES = YES;
				CLANG_ENABLE_OBJC_ARC = YES;
				CLANG_ENABLE_OBJC_WEAK = YES;
				CLANG_WARN_BLOCK_CAPTURE_AUTORELEASING = YES;
				CLANG_WARN_BOOL_CONVERSION = YES;
				CLANG_WARN_COMMA = YES;
				CLANG_WARN_CONSTANT_CONVERSION = YES;
				CLANG_WARN_DEPRECATED_OBJC_IMPLEMENTATIONS = YES;
				CLANG_WARN_DIRECT_OBJC_ISA_USAGE = YES_ERROR;
				CLANG_WARN_DOCUMENTATION_COMMENTS = YES;
				CLANG_WARN_EMPTY_BODY = YES;
				CLANG_WARN_ENUM_CONVERSION = YES;
				CLANG_WARN_INFINITE_RECURSION = YES;
				CLANG_WARN_INT_CONVERSION = YES;
				CLANG_WARN_NON_LITERAL_NULL_CONVERSION = YES;
				CLANG_WARN_OBJC_IMPLICIT_RETAIN_SELF = YES;
				CLANG_WARN_OBJC_LITERAL_CONVERSION = YES;
				CLANG_WARN_OBJC_ROOT_CLASS = YES_ERROR;
				CLANG_WARN_QUOTED_INCLUDE_IN_FRAMEWORK_HEADER = YES;
				CLANG_WARN_RANGE_LOOP_ANALYSIS = YES;
				CLANG_WARN_STRICT_PROTOTYPES = YES;
				CLANG_WARN_SUSPICIOUS_MOVE = YES;
				CLANG_WARN_UNGUARDED_AVAILABILITY = YES_AGGRESSIVE;
				CLANG_WARN_UNREACHABLE_CODE = YES;
				CLANG_WARN__DUPLICATE_METHOD_MATCH = YES;
				COPY_PHASE_STRIP = NO;
				DEBUG_INFORMATION_FORMAT = "dwarf-with-dsym";
				ENABLE_NS_ASSERTIONS = NO;
				ENABLE_STRICT_OBJC_MSGSEND = YES;
				GCC_C_LANGUAGE_STANDARD = gnu11;
				GCC_NO_COMMON_BLOCKS = YES;
				GCC_WARN_64_TO_32_BIT_CONVERSION = YES;
				GCC_WARN_ABOUT_RETURN_TYPE = YES_ERROR;
				GCC_WARN_UNDECLARED_SELECTOR = YES;
				GCC_WARN_UNINITIALIZED_AUTOS = YES_AGGRESSIVE;
				GCC_WARN_UNUSED_FUNCTION = YES;
				GCC_WARN_UNUSED_VARIABLE = YES;
				IPHONEOS_DEPLOYMENT_TARGET = 15.4;
				MTL_ENABLE_DEBUG_INFO = NO;
				MTL_FAST_MATH = YES;
				SDKROOT = iphoneos;
				SWIFT_COMPILATION_MODE = wholemodule;
				SWIFT_OPTIMIZATION_LEVEL = "-O";
				VALIDATE_PRODUCT = YES;
			};
			name = Release;
		};
		C9E2883E282F6C430063D897 /* Debug */ = {
			isa = XCBuildConfiguration;
			buildSettings = {
				ASSETCATALOG_COMPILER_APPICON_NAME = AppIcon;
				ASSETCATALOG_COMPILER_GLOBAL_ACCENT_COLOR_NAME = AccentColor;
				CODE_SIGN_STYLE = Automatic;
				CURRENT_PROJECT_VERSION = 1;
				DEVELOPMENT_ASSET_PATHS = "\"the real 911 app/Preview Content\"";
				DEVELOPMENT_TEAM = A3M4AFU3DN;
				ENABLE_PREVIEWS = YES;
				GENERATE_INFOPLIST_FILE = YES;
				INFOPLIST_FILE = "the-real-911-app-Info.plist";
				INFOPLIST_KEY_UIApplicationSupportsIndirectInputEvents = YES;
				INFOPLIST_KEY_UILaunchScreen_Generation = YES;
				INFOPLIST_KEY_UISupportedInterfaceOrientations_iPad = "UIInterfaceOrientationPortrait UIInterfaceOrientationPortraitUpsideDown UIInterfaceOrientationLandscapeLeft UIInterfaceOrientationLandscapeRight";
				INFOPLIST_KEY_UISupportedInterfaceOrientations_iPhone = "UIInterfaceOrientationPortrait UIInterfaceOrientationLandscapeLeft UIInterfaceOrientationLandscapeRight";
				LD_RUNPATH_SEARCH_PATHS = (
					"$(inherited)",
					"@executable_path/Frameworks",
				);
				MARKETING_VERSION = 1.0;
				PRODUCT_BUNDLE_IDENTIFIER = "G.O.D.the-real-911-app";
				PRODUCT_NAME = "$(TARGET_NAME)";
				SWIFT_EMIT_LOC_STRINGS = YES;
				SWIFT_VERSION = 5.0;
				TARGETED_DEVICE_FAMILY = "1,2";
			};
			name = Debug;
		};
		C9E2883F282F6C430063D897 /* Release */ = {
			isa = XCBuildConfiguration;
			buildSettings = {
				ASSETCATALOG_COMPILER_APPICON_NAME = AppIcon;
				ASSETCATALOG_COMPILER_GLOBAL_ACCENT_COLOR_NAME = AccentColor;
				CODE_SIGN_STYLE = Automatic;
				CURRENT_PROJECT_VERSION = 1;
				DEVELOPMENT_ASSET_PATHS = "\"the real 911 app/Preview Content\"";
				DEVELOPMENT_TEAM = A3M4AFU3DN;
				ENABLE_PREVIEWS = YES;
				GENERATE_INFOPLIST_FILE = YES;
				INFOPLIST_FILE = "the-real-911-app-Info.plist";
				INFOPLIST_KEY_UIApplicationSupportsIndirectInputEvents = YES;
				INFOPLIST_KEY_UILaunchScreen_Generation = YES;
				INFOPLIST_KEY_UISupportedInterfaceOrientations_iPad = "UIInterfaceOrientationPortrait UIInterfaceOrientationPortraitUpsideDown UIInterfaceOrientationLandscapeLeft UIInterfaceOrientationLandscapeRight";
				INFOPLIST_KEY_UISupportedInterfaceOrientations_iPhone = "UIInterfaceOrientationPortrait UIInterfaceOrientationLandscapeLeft UIInterfaceOrientationLandscapeRight";
				LD_RUNPATH_SEARCH_PATHS = (
					"$(inherited)",
					"@executable_path/Frameworks",
				);
				MARKETING_VERSION = 1.0;
				PRODUCT_BUNDLE_IDENTIFIER = "G.O.D.the-real-911-app";
				PRODUCT_NAME = "$(TARGET_NAME)";
				SWIFT_EMIT_LOC_STRINGS = YES;
				SWIFT_VERSION = 5.0;
				TARGETED_DEVICE_FAMILY = "1,2";
			};
			name = Release;
		};
/* End XCBuildConfiguration section */

/* Begin XCConfigurationList section */
		C9E2882A282F6C420063D897 /* Build configuration list for PBXProject "the real 911 app" */ = {
			isa = XCConfigurationList;
			buildConfigurations = (
				C9E2883B282F6C430063D897 /* Debug */,
				C9E2883C282F6C430063D897 /* Release */,
			);
			defaultConfigurationIsVisible = 0;
			defaultConfigurationName = Release;
		};
		C9E2883D282F6C430063D897 /* Build configuration list for PBXNativeTarget "the real 911 app" */ = {
			isa = XCConfigurationList;
			buildConfigurations = (
				C9E2883E282F6C430063D897 /* Debug */,
				C9E2883F282F6C430063D897 /* Release */,
			);
			defaultConfigurationIsVisible = 0;
			defaultConfigurationName = Release;
		};
/* End XCConfigurationList section */

/* Begin XCRemoteSwiftPackageReference section */
		C9E28847283029FE0063D897 /* XCRemoteSwiftPackageReference "firebase-ios-sdk" */ = {
			isa = XCRemoteSwiftPackageReference;
			repositoryURL = "https://github.com/firebase/firebase-ios-sdk";
			requirement = {
				kind = upToNextMajorVersion;
				minimumVersion = 9.0.0;
			};
		};
/* End XCRemoteSwiftPackageReference section */

/* Begin XCSwiftPackageProductDependency section */
		C9E28848283029FE0063D897 /* FirebaseAuth */ = {
			isa = XCSwiftPackageProductDependency;
			package = C9E28847283029FE0063D897 /* XCRemoteSwiftPackageReference "firebase-ios-sdk" */;
			productName = FirebaseAuth;
		};
		C9E2884A283029FE0063D897 /* FirebaseDatabase */ = {
			isa = XCSwiftPackageProductDependency;
			package = C9E28847283029FE0063D897 /* XCRemoteSwiftPackageReference "firebase-ios-sdk" */;
			productName = FirebaseDatabase;
		};
		C9E2884C283029FE0063D897 /* FirebaseFirestore */ = {
			isa = XCSwiftPackageProductDependency;
			package = C9E28847283029FE0063D897 /* XCRemoteSwiftPackageReference "firebase-ios-sdk" */;
			productName = FirebaseFirestore;
		};
		C9E2884E283029FE0063D897 /* FirebaseFirestoreSwift */ = {
			isa = XCSwiftPackageProductDependency;
			package = C9E28847283029FE0063D897 /* XCRemoteSwiftPackageReference "firebase-ios-sdk" */;
			productName = FirebaseFirestoreSwift;
		};
/* End XCSwiftPackageProductDependency section */
	};
	rootObject = C9E28827282F6C420063D897 /* Project object */;
}
